github.com/ErikDubbelboer/gspt v0.0.0-20190125194910-e68493906b83/go.mod h1:01yGrV5aDnYieX2hSBoKGMaRiqHvnLoUy4ngWGZ/owg=
github.com/Masterminds/squirrel v0.0.0-20190107164353-fa735ea14f09/go.mod h1:yaPeOnPG5ZRwL9oKdTsO/prlkPbXWZlRVMQ/gGlzIuA=
github.com/Masterminds/squirrel v1.1.0 h1:baP1qLdoQCeTw3ifCdOq2dkYc6vGcmRdaociKLbEJXs=
github.com/Masterminds/squirrel v1.1.0/go.mod h1:yaPeOnPG5ZRwL9oKdTsO/prlkPbXWZlRVMQ/gGlzIuA=
github.com/PuerkitoBio/goquery v1.5.0 h1:uGvmFXOA73IKluu/F84Xd1tt/z07GYm8X49XKHP7EJk=
github.com/PuerkitoBio/goquery v1.5.0/go.mod h1:qD2PgZ9lccMbQlc7eEOjaeRlFQON7xY8kdmcsrnKqMg=
github.com/abh/geoip v0.0.0-20160510155516-07cea4480daa h1:o7+BnQZpdqHPCc9F2fTWPCM9Y9AyUHBWbTL+pCrCdb0=
github.com/abh/geoip v0.0.0-20160510155516-07cea4480daa/go.mod h1:N2q9pP3q4thAewFqmOB/DL8EsWimMuDOx4KduwXMT5A=
github.com/andybalholm/cascadia v1.0.0 h1:hOCXnnZ5A+3eVDX8pvgl4kofXv2ELss0bKcqRySc45o=
github.com/andybalholm/cascadia v1.0.0/go.mod h1:GsXiBklL0woXo1j/WYWtSYYC4ouU9PqHO0sqidkEA4Y=
github.com/aquilax/tripcode v1.0.0 h1:uPW1T2brVth0t6YiDPlouncHXFGneflsAvkh4zEBN58=
github.com/aquilax/tripcode v1.0.0/go.mod h1:Tucn/H6BM/DEmxzj/tnmR7Vs/NV/bgCKo8Wi0yXrtzQ=
github.com/badoux/goscraper v0.0.0-20181207103713-9b4686c4b62c h1:eacIMsthlVgjQ8uKt1URXCSZ7lAQuXI5YGrutUVQQPo=
github.com/badoux/goscraper v0.0.0-20181207103713-9b4686c4b62c/go.mod h1:5iU5AiceCVP7wmrAIn/9YhJzvmErX/GihV/T2o5QUpM=
github.com/bakape/boorufetch v1.0.1 h1:lTgxhYNQazFB/0SElkkcH3xX6URlHxvTiPgtbt4hIQ0=
github.com/bakape/boorufetch v1.0.1/go.mod h1:5w+CugEba6no6uHTyaDMjZeYq5Xir8C6A9xtZr/wsbs=
github.com/bakape/captchouli v1.1.5 h1:fekFc6jmkMeg2IHn00arrAU354+eMA9uAgC0CizWems=
github.com/bakape/captchouli v1.1.5/go.mod h1:h6OVnTaKH/JeKTZimRmC008ddem3Yj/ZC9J+RK1R0vc=
github.com/bakape/mnemonics v0.0.0-20170918165711-056d8d325992 h1:n89d5g4t1+7ROrwElvy5W/knDo3bUKWOZ77acIdHA04=
github.com/bakape/mnemonics v0.0.0-20170918165711-056d8d325992/go.mod h1:+x6GUyBL1gkeUoBPZAEzF9u04TGIFEljjrqMpGT0KVE=
github.com/bakape/thumbnailer v0.0.0-20190501133407-c89db19cab54 h1:gJiZ/+RG8gXyZ+OCaXAr6c3isJyiWOrsoPpN/HPiyDc=
github.com/bakape/thumbnailer v0.0.0-20190501133407-c89db19cab54/go.mod h1:s7Sm20txJX+qAc11XFnLPqDPXnYShoscD3++dZKTxIc=
github.com/bakape/thumbnailer/v2 v2.4.1 h1:Lz3ig7nHOG+J0ccN8uKfRyISe18RCc7hEV1aT3d3XAo=
github.com/bakape/thumbnailer/v2 v2.4.1/go.mod h1:M5EknW19dckfxYE1d8Kn7tih7HJuYwDJZdHK9a8LcT8=
github.com/bakape/thumbnailer/v2 v2.4.2 h1:lMp80NARiGJngkQBH6bbv8IdaeD3GPYynyQQJxIduoQ=
github.com/bakape/thumbnailer/v2 v2.4.2/go.mod h1:M5EknW19dckfxYE1d8Kn7tih7HJuYwDJZdHK9a8LcT8=
github.com/boltdb/bolt v1.3.1 h1:JQmyP4ZBrce+ZQu0dY660FMfatumYDLun9hBCUVIkF4=
github.com/boltdb/bolt v1.3.1/go.mod h1:clJnj/oiGkjum5o1McbSZDSLxVThjynRyGBgiAx27Ps=
github.com/chai2010/webp v1.1.0 h1:4Ei0/BRroMF9FaXDG2e4OxwFcuW2vcXd+A6tyqTJUQQ=
github.com/chai2010/webp v1.1.0/go.mod h1:LP12PG5IFmLGHUU26tBiCBKnghxx3toZFwDjOYvd3Ow=
github.com/davecgh/go-spew v1.1.0/go.mod h1:J7Y8YcW2NihsgmVo/mv3lAwl/skON4iLHjSsI+c5H38=
github.com/davecgh/go-spew v1.1.1/go.mod h1:J7Y8YcW2NihsgmVo/mv3lAwl/skON4iLHjSsI+c5H38=
github.com/dimfeld/httptreemux v5.0.1+incompatible h1:Qj3gVcDNoOthBAqftuD596rm4wg/adLLz5xh5CmpiCA=
github.com/dimfeld/httptreemux v5.0.1+incompatible/go.mod h1:rbUlSV+CCpv/SuqUTP/8Bk2O3LyUV436/yaRGkhP6Z0=
github.com/facebookgo/clock v0.0.0-20150410010913-600d898af40a h1:yDWHCSQ40h88yih2JAcL6Ls/kVkSE8GFACTGVnMPruw=
github.com/facebookgo/clock v0.0.0-20150410010913-600d898af40a/go.mod h1:7Ga40egUymuWXxAe151lTNnCv97MddSOVsjpPPkityA=
github.com/facebookgo/freeport v0.0.0-20150612182905-d4adf43b75b9 h1:wWke/RUCl7VRjQhwPlR/v0glZXNYzBHdNUzf/Am2Nmg=
github.com/facebookgo/freeport v0.0.0-20150612182905-d4adf43b75b9/go.mod h1:uPmAp6Sws4L7+Q/OokbWDAK1ibXYhB3PXFP1kol5hPg=
github.com/facebookgo/grace v0.0.0-20180706040059-75cf19382434 h1:mOp33BLbcbJ8fvTAmZacbBiOASfxN+MLcLxymZCIrGE=
github.com/facebookgo/grace v0.0.0-20180706040059-75cf19382434/go.mod h1:KigFdumBXUPSwzLDbeuzyt0elrL7+CP7TKuhrhT4bcU=
github.com/facebookgo/httpdown v0.0.0-20180706035922-5979d39b15c2 h1:nXeeRHmgNgjLxi+7dY9l9aDvSS1uwVlNLqUWIY4Ath0=
github.com/facebookgo/httpdown v0.0.0-20180706035922-5979d39b15c2/go.mod h1:TUV/fX3XrTtBQb5+ttSUJzcFgLNpILONFTKmBuk5RSw=
github.com/facebookgo/stats v0.0.0-20151006221625-1b76add642e4 h1:0YtRCqIZs2+Tz49QuH6cJVw/IFqzo39gEqZ0iYLxD2M=
github.com/facebookgo/stats v0.0.0-20151006221625-1b76add642e4/go.mod h1:vsJz7uE339KUCpBXx3JAJzSRH7Uk4iGGyJzR529qDIA=
github.com/fsnotify/fsnotify v1.4.7 h1:IXs+QLmnXW2CcXuY+8Mzv/fWEsPGWxqefPtCP5CnV9I=
github.com/fsnotify/fsnotify v1.4.7/go.mod h1:jwhsz4b93w/PPRr/qN1Yymfu8t87LnFCMoQvtojpjFo=
github.com/go-playground/ansi v2.1.0+incompatible h1:f9ldskdk1seTFmYjbmPaYB+WYsDKWc4UXcGb+e9JrN8=
github.com/go-playground/ansi v2.1.0+incompatible/go.mod h1:OCdnfTFO/GfFtp+ktUt+PhElbGOwyTRUuRUsA+Y5pSU=
github.com/go-playground/errors v3.3.0+incompatible h1:w7qP6bdFXNmI86aV8VEfhXrGxoQWYHc/OX4Muw4FgW0=
github.com/go-playground/errors v3.3.0+incompatible/go.mod h1:n+RcthKmtLxDczVHKkhqiUSOGtTjvRl+HB4Gga0vWSI=
github.com/go-playground/log v6.3.0+incompatible h1:CVT3y82/iLS65WJ4xfF8+SI6dxRdMiXpX+9surI/R2U=
github.com/go-playground/log v6.3.0+incompatible/go.mod h1:3M1OvdKL8KYwOjJa3XM42iqzpvde2LHla8Ys0oz7Ma0=
github.com/gorilla/websocket v1.4.0 h1:WDFjx/TMzVgy9VdMMQi2K2Emtwi2QcUQsztZ/zLaH/Q=
github.com/gorilla/websocket v1.4.0/go.mod h1:E7qHFY5m1UJ88s3WnNqhKjPHQ0heANvMoAMk2YaljkQ=
github.com/julienschmidt/httprouter v1.2.0 h1:TDTW5Yz1mjftljbcKqRcrYhd4XeOoI98t+9HbQbYf7g=
github.com/julienschmidt/httprouter v1.2.0/go.mod h1:SYymIcj16QtmaHHD7aYtjjsJG7VTCxuUUipMqKk8s4w=
github.com/klauspost/compress v1.4.0/go.mod h1:RyIbtBH6LamlWaDj8nUwkbUhJ87Yi3uG0guNDohfE1A=
github.com/klauspost/cpuid v0.0.0-20180405133222-e7e905edc00e/go.mod h1:Pj4uuM528wm8OyEC2QMXAi2YiTZ96dNQPGgoMS4s3ek=
github.com/konsorten/go-windows-terminal-sequences v1.0.1/go.mod h1:T0+1ngSBFLxvqU3pZ+m/2kptfBszLMUkC4ZK/EgS/cQ=
github.com/lann/builder v0.0.0-20180802200727-47ae307949d0 h1:SOEGU9fKiNWd/HOJuq6+3iTQz8KNCLtVX6idSoTLdUw=
github.com/lann/builder v0.0.0-20180802200727-47ae307949d0/go.mod h1:dXGbAdH5GtBTC4WfIxhKZfyBF/HBFgRZSWwZ9g/He9o=
github.com/lann/ps v0.0.0-20150810152359-62de8c46ede0 h1:P6pPBnrTSX3DEVR4fDembhRWSsG5rVo6hYhAB/ADZrk=
github.com/lann/ps v0.0.0-20150810152359-62de8c46ede0/go.mod h1:vmVJ0l/dxyfGW6FmdpVm2joNMFikkuWg0EoCKLGUMNw=
github.com/lib/pq v1.0.1-0.20190326042056-d6156e141ac6 h1:cLbEkaDOC8apeToojH+/PHdUXvdWs1JxPinWGaxJE/4=
github.com/lib/pq v1.0.1-0.20190326042056-d6156e141ac6/go.mod h1:5WUZQaWbwv1U+lTReE5YruASi9Al49XbQIvNi/34Woo=
github.com/mattn/go-runewidth v0.0.4/go.mod h1:LwmH8dsx7+W8Uxz3IHJYH5QSwggIsqBzpuz5H//U1FU=
github.com/mattn/go-sqlite3 v1.10.0 h1:jbhqpg7tQe4SupckyijYiy0mJJ/pRyHvXf7JdWK860o=
github.com/mattn/go-sqlite3 v1.10.0/go.mod h1:FPy6KqzDD04eiIsT53CuJW3U88zkxoIYsOqkbpncsNc=
github.com/nwaples/rardecode v1.0.0 h1:r7vGuS5akxOnR4JQSkko62RJ1ReCMXxQRPtxsiFMBOs=
github.com/nwaples/rardecode v1.0.0/go.mod h1:5DzqNKiOdpKKBH87u8VlvAnPZMXcGRhxWkRpHbbfGS0=
github.com/olekukonko/tablewriter v0.0.1/go.mod h1:vsDQFd/mU46D+Z4whnwzcISnGGzXWMclvtLoiIKAKIo=
github.com/otium/ytdl v0.5.1 h1:aeqoca6n38vjWIN1qeRB5WTnY7uiQkWpyKRflC5eyIQ=
github.com/otium/ytdl v0.5.1/go.mod h1:592mOGF/cH7ud/s969KgRp28KKiMMIXkZcK2498KaPw=
github.com/pmezard/go-difflib v1.0.0/go.mod h1:iKH77koFhYxTK1pcRnkKkqfTogsbg7gZNVY4sRDYZ/4=
github.com/rakyll/statik v0.1.6 h1:uICcfUXpgqtw2VopbIncslhAmE5hwc4g20TEyEENBNs=
github.com/rakyll/statik v0.1.6/go.mod h1:OEi9wJV/fMUAGx1eNjq75DKDsJVuEv1U0oYdX6GX8Zs=
github.com/sevlyar/go-daemon v0.1.4/go.mod h1:6dJpPatBT9eUwM5VCw9Bt6CdX9Tk6UWvhW3MebLDRKE=
github.com/sirupsen/logrus v1.4.0 h1:yKenngtzGh+cUSSh6GWbxW2abRqhYUSR/t/6+2QqNvE=
github.com/sirupsen/logrus v1.4.0/go.mod h1:LxeOpSwHxABJmUn/MG1IvRgCAasNZTLOkJPxbbu5VWo=
github.com/stretchr/objx v0.1.0/go.mod h1:HFkY916IF+rwdDfMAkV7OtwuqBVzrE8GR6GFx+wExME=
github.com/stretchr/objx v0.1.1/go.mod h1:HFkY916IF+rwdDfMAkV7OtwuqBVzrE8GR6GFx+wExME=
github.com/stretchr/testify v1.2.2/go.mod h1:a8OnRcib4nhh0OaRAV+Yts87kKdq0PP7pXfy6kDkUVs=
github.com/stretchr/testify v1.3.0/go.mod h1:M5WIy9Dh21IEIfnGCwXGc5bZfKNJtfHm1UVUgZn+9EI=
github.com/ulikunitz/xz v0.5.6 h1:jGHAfXawEGZQ3blwU5wnWKQJvAraT7Ftq9EXjnXYgt8=
github.com/ulikunitz/xz v0.5.6/go.mod h1:2bypXElzHzzJZwzH67Y6wb67pO62Rzfn7BSiF4ABRW8=
github.com/valyala/bytebufferpool v1.0.0 h1:GqA5TC/0021Y/b9FG4Oi9Mr3q7XYx6KllzawFIhcdPw=
github.com/valyala/bytebufferpool v1.0.0/go.mod h1:6bBcMArwyJ5K/AmCkWv1jt77kVWyCJ6HpOuEn7z0Csc=
github.com/valyala/fasthttp v0.0.0-20180905170723-c6fd90e432cc/go.mod h1:+g/po7GqyG5E+1CNgquiIxJnsXEi5vwFn5weFujbO78=
github.com/valyala/quicktemplate v1.0.0/go.mod h1:uX8yrAzr955BRr+rAerWX4V1NHb8bFfsePffuN5lFso=
github.com/valyala/quicktemplate v1.0.2 h1:ZeVRKan1W/25u5f9ilDo5HWtdxD+QxR10WrZwxqLM54=
github.com/valyala/quicktemplate v1.0.2/go.mod h1:KZAB+RlYlfNtBUGQMzIrnE8uuNgD2SbUn5CpZyod0sk=
gitlab.com/nyarla/go-crypt v0.0.0-20160106005555-d9a5dc2b789b h1:7gd+rd8P3bqcn/96gOZa3F5dpJr/vEiDQYlNb/y2uNs=
gitlab.com/nyarla/go-crypt v0.0.0-20160106005555-d9a5dc2b789b/go.mod h1:T3BPAOm2cqquPa0MKWeNkmOM5RQsRhkrwMWonFMN7fE=
golang.org/x/crypto v0.0.0-20180904163835-0709b304e793/go.mod h1:6SG95UA2DQfeDnfUPMdvaQW0Q7yPrPDi9nlGo2tz2b4=
golang.org/x/crypto v0.0.0-20190404164418-38d8ce5564a5 h1:bselrhR0Or1vomJZC8ZIjWtbDmn9OYFLX5Ik9alpJpE=
golang.org/x/crypto v0.0.0-20190404164418-38d8ce5564a5/go.mod h1:WFFai1msRO1wXaEeE5yQxYXgSfI8pQAWXbQop6sCtWE=
golang.org/x/net v0.0.0-20180218175443-cbe0f9307d01/go.mod h1:mL1N/T3taQHkDXs73rZJwtUhF3w3ftmwwsq0BUmARs4=
golang.org/x/net v0.0.0-20181114220301-adae6a3d119a/go.mod h1:mL1N/T3taQHkDXs73rZJwtUhF3w3ftmwwsq0BUmARs4=
golang.org/x/net v0.0.0-20181201002055-351d144fa1fc/go.mod h1:mL1N/T3taQHkDXs73rZJwtUhF3w3ftmwwsq0BUmARs4=
golang.org/x/net v0.0.0-20190110200230-915654e7eabc h1:Yx9JGxI1SBhVLFjpAkWMaO1TF+xyqtHLjZpvQboJGiM=
golang.org/x/net v0.0.0-20190110200230-915654e7eabc/go.mod h1:mL1N/T3taQHkDXs73rZJwtUhF3w3ftmwwsq0BUmARs4=
golang.org/x/sys v0.0.0-20180905080454-ebe1bf3edb33/go.mod h1:STP8DvDyc/dI5b8T5hshtkjS+E42TnysNCUPdjciGhY=
golang.org/x/sys v0.0.0-20190403152447-81d4e9dc473e h1:nFYrTHrdrAOpShe27kaFHjsqYSEQ0KWqdWLu3xuZJts=
golang.org/x/sys v0.0.0-20190403152447-81d4e9dc473e/go.mod h1:h1NjWce9XRLGQEsW7wpKNCjG9DtNlClVuFLEZdDNbEs=
golang.org/x/text v0.3.0 h1:g61tztE5qeGQ89tm6NTjjM9VPIm088od1l6aSorWRWg=
golang.org/x/text v0.3.0/go.mod h1:NqM8EUOU14njkJ3fqMW+pc6Ldnwhi/IjpwHt7yyuwOQ=
gopkg.in/gomail.v2 v2.0.0-20160411212932-81ebce5c23df h1:n7WqCuqOuCbNr617RXOY0AWRXxgwEyPp2z+p0+hgMuE=
gopkg.in/gomail.v2 v2.0.0-20160411212932-81ebce5c23df/go.mod h1:LRQQ+SO6ZHR7tOkpBDuZnXENFzX8qRjMDMyPD6BRkCw=
gopkg.in/mholt/archiver.v2 v2.1.0/go.mod h1:WxDxKgbnqCjBfcDqukl78rDwZ7SkxagiW/lWW/mMnYY=
