github.com/ErikDubbelboer/gspt v0.0.0-20180711091504-e39e726e09cc h1:Qs3YRJ9WQ1+Et+uoXBVfKUBzdn9FGJiH98UgfBIiqzk=
github.com/ErikDubbelboer/gspt v0.0.0-20180711091504-e39e726e09cc/go.mod h1:01yGrV5aDnYieX2hSBoKGMaRiqHvnLoUy4ngWGZ/owg=
github.com/Masterminds/squirrel v0.0.0-20181030160206-3ba160b0147f h1:8JBQSKzsc40IAP5tAKEq3mwtINgeJnzN9CmS5nn4wTM=
github.com/Masterminds/squirrel v0.0.0-20181030160206-3ba160b0147f/go.mod h1:xnKTFzjGUiZtiOagBsfnvomW+nJg2usB1ZpordQWqNM=
github.com/PuerkitoBio/goquery v1.4.1 h1:smcIRGdYm/w7JSbcdeLHEMzxmsBQvl8lhf0dSw2nzMI=
github.com/PuerkitoBio/goquery v1.4.1/go.mod h1:T9ezsOHcCrDCgA8aF1Cqr3sSYbO/xgdy8/R/XiIMAhA=
github.com/Soreil/apngdetector v0.0.0-20160617172640-e412c29dbc99 h1:0eBfUf5OjSLGOPp/AewegBcBWlDXdTbEZDbcbQjtaRA=
github.com/Soreil/apngdetector v0.0.0-20160617172640-e412c29dbc99/go.mod h1:URcLp1KD3QDZgwEqMsiIYAAF7+3K0sqvMBogHS7ZmPE=
github.com/andybalholm/cascadia v1.0.0 h1:hOCXnnZ5A+3eVDX8pvgl4kofXv2ELss0bKcqRySc45o=
github.com/andybalholm/cascadia v1.0.0/go.mod h1:GsXiBklL0woXo1j/WYWtSYYC4ouU9PqHO0sqidkEA4Y=
github.com/aquilax/tripcode v0.0.0-20171231053406-db58da84bb12 h1:aWy9RVbhXKrX8xjdrGm0p4HZ+GG2nWfzM9ET1iAyl8g=
github.com/aquilax/tripcode v0.0.0-20171231053406-db58da84bb12/go.mod h1:TLetiMQyNVZFTMJFDfQW5Ub+HxsfneofRi2lKkfkgPo=
github.com/badoux/goscraper v0.0.0-20170322173343-0213ced70878 h1:ICGowALx67ojFa/PaOkAR7JTFgt4cuniHgjc6z3ifqU=
github.com/badoux/goscraper v0.0.0-20170322173343-0213ced70878/go.mod h1:5iU5AiceCVP7wmrAIn/9YhJzvmErX/GihV/T2o5QUpM=
github.com/bakape/captchouli v0.0.0-20181109192733-0efc89017889 h1:84q/htSZcz6Kbm5HRzBDOAOKRSCuJfIGS4pxGbLLUHc=
github.com/bakape/captchouli v0.0.0-20181109192733-0efc89017889/go.mod h1:D//bGpjsn/zGcFPVVN3CVipP7PLOmXeXii8p/9SyGpc=
github.com/bakape/mnemonics v0.0.0-20170918165711-056d8d325992 h1:n89d5g4t1+7ROrwElvy5W/knDo3bUKWOZ77acIdHA04=
github.com/bakape/mnemonics v0.0.0-20170918165711-056d8d325992/go.mod h1:+x6GUyBL1gkeUoBPZAEzF9u04TGIFEljjrqMpGT0KVE=
github.com/bakape/thumbnailer v0.0.0-20181109212531-f191a43e9c3c h1:Q8X+ZsA71wSFFRd0isvIUEmpI2wIBSPXS75DSjyXfBo=
github.com/bakape/thumbnailer v0.0.0-20181109212531-f191a43e9c3c/go.mod h1:PVB2nXXJHD4KAUWn9HaNKtWeDeAb9BFQ7oDOAdZCKUM=
github.com/boltdb/bolt v1.3.1 h1:JQmyP4ZBrce+ZQu0dY660FMfatumYDLun9hBCUVIkF4=
github.com/boltdb/bolt v1.3.1/go.mod h1:clJnj/oiGkjum5o1McbSZDSLxVThjynRyGBgiAx27Ps=
github.com/davecgh/go-spew v1.1.1/go.mod h1:J7Y8YcW2NihsgmVo/mv3lAwl/skON4iLHjSsI+c5H38=
github.com/dimfeld/httptreemux v5.0.1+incompatible h1:Qj3gVcDNoOthBAqftuD596rm4wg/adLLz5xh5CmpiCA=
github.com/dimfeld/httptreemux v5.0.1+incompatible/go.mod h1:rbUlSV+CCpv/SuqUTP/8Bk2O3LyUV436/yaRGkhP6Z0=
github.com/dsnet/compress v0.0.0-20171208185109-cc9eb1d7ad76 h1:eX+pdPPlD279OWgdx7f6KqIRSONuK7egk+jDx7OM3Ac=
github.com/dsnet/compress v0.0.0-20171208185109-cc9eb1d7ad76/go.mod h1:KjxHHirfLaw19iGT70HvVjHQsL1vq1SRQB4yOsAfy2s=
github.com/go-playground/ansi v2.1.0+incompatible h1:f9ldskdk1seTFmYjbmPaYB+WYsDKWc4UXcGb+e9JrN8=
github.com/go-playground/ansi v2.1.0+incompatible/go.mod h1:OCdnfTFO/GfFtp+ktUt+PhElbGOwyTRUuRUsA+Y5pSU=
github.com/go-playground/errors v3.3.0+incompatible h1:w7qP6bdFXNmI86aV8VEfhXrGxoQWYHc/OX4Muw4FgW0=
github.com/go-playground/errors v3.3.0+incompatible/go.mod h1:n+RcthKmtLxDczVHKkhqiUSOGtTjvRl+HB4Gga0vWSI=
github.com/go-playground/log v6.3.0+incompatible h1:CVT3y82/iLS65WJ4xfF8+SI6dxRdMiXpX+9surI/R2U=
github.com/go-playground/log v6.3.0+incompatible/go.mod h1:3M1OvdKL8KYwOjJa3XM42iqzpvde2LHla8Ys0oz7Ma0=
github.com/golang/snappy v0.0.0-20180518054509-2e65f85255db h1:woRePGFeVFfLKN/pOkfl+p/TAqKOfFu+7KPlMVpok/w=
github.com/golang/snappy v0.0.0-20180518054509-2e65f85255db/go.mod h1:/XxbfmMg8lxefKM7IXC3fBNl/7bRcc72aCRzEWrmP2Q=
github.com/gorilla/handlers v1.4.0 h1:XulKRWSQK5uChr4pEgSE4Tc/OcmnU9GJuSwdog/tZsA=
github.com/gorilla/handlers v1.4.0/go.mod h1:Qkdc/uu4tH4g6mTK6auzZ766c4CA0Ng8+o/OAirnOIQ=
github.com/gorilla/websocket v1.4.0 h1:WDFjx/TMzVgy9VdMMQi2K2Emtwi2QcUQsztZ/zLaH/Q=
github.com/gorilla/websocket v1.4.0/go.mod h1:E7qHFY5m1UJ88s3WnNqhKjPHQ0heANvMoAMk2YaljkQ=
github.com/kardianos/osext v0.0.0-20170510131534-ae77be60afb1 h1:PJPDf8OUfOK1bb/NeTKd4f1QXZItOX389VN3B6qC8ro=
github.com/kardianos/osext v0.0.0-20170510131534-ae77be60afb1/go.mod h1:1NbS8ALrpOvjt0rHPNLyCIeMtbizbir8U//inJ+zuB8=
github.com/konsorten/go-windows-terminal-sequences v1.0.1/go.mod h1:T0+1ngSBFLxvqU3pZ+m/2kptfBszLMUkC4ZK/EgS/cQ=
github.com/lann/builder v0.0.0-20180802200727-47ae307949d0 h1:SOEGU9fKiNWd/HOJuq6+3iTQz8KNCLtVX6idSoTLdUw=
github.com/lann/builder v0.0.0-20180802200727-47ae307949d0/go.mod h1:dXGbAdH5GtBTC4WfIxhKZfyBF/HBFgRZSWwZ9g/He9o=
github.com/lann/ps v0.0.0-20150810152359-62de8c46ede0 h1:P6pPBnrTSX3DEVR4fDembhRWSsG5rVo6hYhAB/ADZrk=
github.com/lann/ps v0.0.0-20150810152359-62de8c46ede0/go.mod h1:vmVJ0l/dxyfGW6FmdpVm2joNMFikkuWg0EoCKLGUMNw=
github.com/lib/pq v1.0.0 h1:X5PMW56eZitiTeO7tKzZxFCSpbFZJtkMMooicw2us9A=
github.com/lib/pq v1.0.0/go.mod h1:5WUZQaWbwv1U+lTReE5YruASi9Al49XbQIvNi/34Woo=
github.com/mailru/easyjson v0.0.0-20180823135443-60711f1a8329 h1:2gxZ0XQIU/5z3Z3bUBu+FXuk2pFbkN6tcwi/pjyaDic=
github.com/mailru/easyjson v0.0.0-20180823135443-60711f1a8329/go.mod h1:C1wdFJiN94OJF2b5HbByQZoLdCWB1Yqtg26g4irojpc=
github.com/mattn/go-sqlite3 v1.10.0 h1:jbhqpg7tQe4SupckyijYiy0mJJ/pRyHvXf7JdWK860o=
github.com/mattn/go-sqlite3 v1.10.0/go.mod h1:FPy6KqzDD04eiIsT53CuJW3U88zkxoIYsOqkbpncsNc=
github.com/nwaples/rardecode v1.0.0 h1:r7vGuS5akxOnR4JQSkko62RJ1ReCMXxQRPtxsiFMBOs=
github.com/nwaples/rardecode v1.0.0/go.mod h1:5DzqNKiOdpKKBH87u8VlvAnPZMXcGRhxWkRpHbbfGS0=
github.com/nyarlabo/go-crypt v0.0.0-20160106005555-d9a5dc2b789b h1:MNaKpP/yAYoIJjsHWZU2m6dZbNqQ3S1jh9gryAOuUFU=
github.com/nyarlabo/go-crypt v0.0.0-20160106005555-d9a5dc2b789b/go.mod h1:pOGkTCjLnz4H1a+yFCaAw5ehKKTSILGbbKnc0TXfOFc=
github.com/oschwald/maxminddb-golang v1.3.0 h1:oTh8IBSj10S5JNlUDg5WjJ1QdBMdeaZIkPEVfESSWgE=
github.com/oschwald/maxminddb-golang v1.3.0/go.mod h1:3jhIUymTJ5VREKyIhWm66LJiQt04F0UCDdodShpjWsY=
github.com/otium/ytdl v0.5.1 h1:aeqoca6n38vjWIN1qeRB5WTnY7uiQkWpyKRflC5eyIQ=
github.com/otium/ytdl v0.5.1/go.mod h1:592mOGF/cH7ud/s969KgRp28KKiMMIXkZcK2498KaPw=
github.com/pierrec/lz4 v2.0.5+incompatible h1:2xWsjqPFWcplujydGg4WmhC/6fZqK42wMM8aXeqhl0I=
github.com/pierrec/lz4 v2.0.5+incompatible/go.mod h1:pdkljMzZIN41W+lC3N2tnIh5sFi+IEE17M5jbnwPHcY=
github.com/pmezard/go-difflib v1.0.0/go.mod h1:iKH77koFhYxTK1pcRnkKkqfTogsbg7gZNVY4sRDYZ/4=
github.com/sevlyar/go-daemon v0.1.4 h1:Ayxp/9SNHwPBjV+kKbnHl2ch6rhxTu08jfkGkoxgULQ=
github.com/sevlyar/go-daemon v0.1.4/go.mod h1:6dJpPatBT9eUwM5VCw9Bt6CdX9Tk6UWvhW3MebLDRKE=
github.com/sirupsen/logrus v1.2.0 h1:juTguoYk5qI21pwyTXY3B3Y5cOTH3ZUyZCg1v/mihuo=
github.com/sirupsen/logrus v1.2.0/go.mod h1:LxeOpSwHxABJmUn/MG1IvRgCAasNZTLOkJPxbbu5VWo=
github.com/stretchr/objx v0.1.1/go.mod h1:HFkY916IF+rwdDfMAkV7OtwuqBVzrE8GR6GFx+wExME=
github.com/stretchr/testify v1.2.2/go.mod h1:a8OnRcib4nhh0OaRAV+Yts87kKdq0PP7pXfy6kDkUVs=
github.com/ulikunitz/xz v0.5.5 h1:pFrO0lVpTBXLpYw+pnLj6TbvHuyjXMfjGeCwSqCVwok=
github.com/ulikunitz/xz v0.5.5/go.mod h1:2bypXElzHzzJZwzH67Y6wb67pO62Rzfn7BSiF4ABRW8=
github.com/valyala/bytebufferpool v1.0.0 h1:GqA5TC/0021Y/b9FG4Oi9Mr3q7XYx6KllzawFIhcdPw=
github.com/valyala/bytebufferpool v1.0.0/go.mod h1:6bBcMArwyJ5K/AmCkWv1jt77kVWyCJ6HpOuEn7z0Csc=
github.com/valyala/quicktemplate v1.0.0 h1:lDPmM1AetDm736L5ZHGuVkMUA14+I0g3jbxWAozquGM=
github.com/valyala/quicktemplate v1.0.0/go.mod h1:uX8yrAzr955BRr+rAerWX4V1NHb8bFfsePffuN5lFso=
golang.org/x/crypto v0.0.0-20180904163835-0709b304e793/go.mod h1:6SG95UA2DQfeDnfUPMdvaQW0Q7yPrPDi9nlGo2tz2b4=
golang.org/x/crypto v0.0.0-20181106171534-e4dc69e5b2fd h1:VtIkGDhk0ph3t+THbvXHfMZ8QHgsBO39Nh52+74pq7w=
golang.org/x/crypto v0.0.0-20181106171534-e4dc69e5b2fd/go.mod h1:6SG95UA2DQfeDnfUPMdvaQW0Q7yPrPDi9nlGo2tz2b4=
golang.org/x/net v0.0.0-20180218175443-cbe0f9307d01/go.mod h1:mL1N/T3taQHkDXs73rZJwtUhF3w3ftmwwsq0BUmARs4=
golang.org/x/net v0.0.0-20181108082009-03003ca0c849 h1:FSqE2GGG7wzsYUsWiQ8MZrvEd1EOyU3NCF0AW3Wtltg=
golang.org/x/net v0.0.0-20181108082009-03003ca0c849/go.mod h1:mL1N/T3taQHkDXs73rZJwtUhF3w3ftmwwsq0BUmARs4=
golang.org/x/sys v0.0.0-20180905080454-ebe1bf3edb33/go.mod h1:STP8DvDyc/dI5b8T5hshtkjS+E42TnysNCUPdjciGhY=
golang.org/x/sys v0.0.0-20181107165924-66b7b1311ac8 h1:YoY1wS6JYVRpIfFngRf2HHo9R9dAne3xbkGOQ5rJXjU=
golang.org/x/sys v0.0.0-20181107165924-66b7b1311ac8/go.mod h1:STP8DvDyc/dI5b8T5hshtkjS+E42TnysNCUPdjciGhY=
golang.org/x/text v0.3.0 h1:g61tztE5qeGQ89tm6NTjjM9VPIm088od1l6aSorWRWg=
golang.org/x/text v0.3.0/go.mod h1:NqM8EUOU14njkJ3fqMW+pc6Ldnwhi/IjpwHt7yyuwOQ=
gopkg.in/gomail.v2 v2.0.0-20160411212932-81ebce5c23df h1:n7WqCuqOuCbNr617RXOY0AWRXxgwEyPp2z+p0+hgMuE=
gopkg.in/gomail.v2 v2.0.0-20160411212932-81ebce5c23df/go.mod h1:LRQQ+SO6ZHR7tOkpBDuZnXENFzX8qRjMDMyPD6BRkCw=
gopkg.in/mholt/archiver.v2 v2.1.0 h1:XdJA2b5a3ZucLaJkkZF25NAzgMFPiMWQTp1NfTTUcSI=
gopkg.in/mholt/archiver.v2 v2.1.0/go.mod h1:WxDxKgbnqCjBfcDqukl78rDwZ7SkxagiW/lWW/mMnYY=
